// !$*UTF8*$!
{
	archiveVersion = 1;
	classes = {
	};
	objectVersion = 46;
	objects = {

/* Begin PBXAggregateTarget section */
		92A87C031D1EE0FD002A3EE0 /* framework-Universal */ = {
			isa = PBXAggregateTarget;
			buildConfigurationList = 92A87C041D1EE0FD002A3EE0 /* Build configuration list for PBXAggregateTarget "framework-Universal" */;
			buildPhases = (
				92A87C071D1EE10D002A3EE0 /* ShellScript */,
			);
			dependencies = (
			);
			name = "framework-Universal";
			productName = "framework-Universal";
		};
/* End PBXAggregateTarget section */

/* Begin PBXBuildFile section */
		92A87BF81D1EE086002A3EE0 /* testF.h in Headers */ = {isa = PBXBuildFile; fileRef = 92A87BF71D1EE086002A3EE0 /* testF.h */; settings = {ATTRIBUTES = (Public, ); }; };
		92A87C011D1EE094002A3EE0 /* ttt.h in Headers */ = {isa = PBXBuildFile; fileRef = 92A87BFF1D1EE094002A3EE0 /* ttt.h */; settings = {ATTRIBUTES = (Public, ); }; };
		92A87C021D1EE094002A3EE0 /* ttt.m in Sources */ = {isa = PBXBuildFile; fileRef = 92A87C001D1EE094002A3EE0 /* ttt.m */; };
/* End PBXBuildFile section */

/* Begin PBXFileReference section */
		92A87BF41D1EE086002A3EE0 /* testF.framework */ = {isa = PBXFileReference; explicitFileType = wrapper.framework; includeInIndex = 0; path = testF.framework; sourceTree = BUILT_PRODUCTS_DIR; };
		92A87BF71D1EE086002A3EE0 /* testF.h */ = {isa = PBXFileReference; lastKnownFileType = sourcecode.c.h; path = testF.h; sourceTree = "<group>"; };
		92A87BF91D1EE086002A3EE0 /* Info.plist */ = {isa = PBXFileReference; lastKnownFileType = text.plist.xml; path = Info.plist; sourceTree = "<group>"; };
		92A87BFF1D1EE094002A3EE0 /* ttt.h */ = {isa = PBXFileReference; fileEncoding = 4; lastKnownFileType = sourcecode.c.h; path = ttt.h; sourceTree = "<group>"; };
		92A87C001D1EE094002A3EE0 /* ttt.m */ = {isa = PBXFileReference; fileEncoding = 4; lastKnownFileType = sourcecode.c.objc; path = ttt.m; sourceTree = "<group>"; };
/* End PBXFileReference section */

/* Begin PBXFrameworksBuildPhase section */
		92A87BF01D1EE086002A3EE0 /* Frameworks */ = {
			isa = PBXFrameworksBuildPhase;
			buildActionMask = 2147483647;
			files = (
			);
			runOnlyForDeploymentPostprocessing = 0;
		};
/* End PBXFrameworksBuildPhase section */

/* Begin PBXGroup section */
		92A87BEA1D1EE086002A3EE0 = {
			isa = PBXGroup;
			children = (
				92A87BF61D1EE086002A3EE0 /* testF */,
				92A87BF51D1EE086002A3EE0 /* Products */,
			);
			sourceTree = "<group>";
		};
		92A87BF51D1EE086002A3EE0 /* Products */ = {
			isa = PBXGroup;
			children = (
				92A87BF41D1EE086002A3EE0 /* testF.framework */,
			);
			name = Products;
			sourceTree = "<group>";
		};
		92A87BF61D1EE086002A3EE0 /* testF */ = {
			isa = PBXGroup;
			children = (
				92A87BF71D1EE086002A3EE0 /* testF.h */,
				92A87BFF1D1EE094002A3EE0 /* ttt.h */,
				92A87C001D1EE094002A3EE0 /* ttt.m */,
				92A87BF91D1EE086002A3EE0 /* Info.plist */,
			);
			path = testF;
			sourceTree = "<group>";
		};
/* End PBXGroup section */

/* Begin PBXHeadersBuildPhase section */
		92A87BF11D1EE086002A3EE0 /* Headers */ = {
			isa = PBXHeadersBuildPhase;
			buildActionMask = 2147483647;
			files = (
				92A87BF81D1EE086002A3EE0 /* testF.h in Headers */,
				92A87C011D1EE094002A3EE0 /* ttt.h in Headers */,
			);
			runOnlyForDeploymentPostprocessing = 0;
		};
/* End PBXHeadersBuildPhase section */

/* Begin PBXNativeTarget section */
		92A87BF31D1EE086002A3EE0 /* testF */ = {
			isa = PBXNativeTarget;
			buildConfigurationList = 92A87BFC1D1EE086002A3EE0 /* Build configuration list for PBXNativeTarget "testF" */;
			buildPhases = (
				92A87BEF1D1EE086002A3EE0 /* Sources */,
				92A87BF01D1EE086002A3EE0 /* Frameworks */,
				92A87BF11D1EE086002A3EE0 /* Headers */,
				92A87BF21D1EE086002A3EE0 /* Resources */,
			);
			buildRules = (
			);
			dependencies = (
			);
			name = testF;
			productName = testF;
			productReference = 92A87BF41D1EE086002A3EE0 /* testF.framework */;
			productType = "com.apple.product-type.framework";
		};
/* End PBXNativeTarget section */

/* Begin PBXProject section */
		92A87BEB1D1EE086002A3EE0 /* Project object */ = {
			isa = PBXProject;
			attributes = {
				LastUpgradeCheck = 0730;
				ORGANIZATIONNAME = "max hu";
				TargetAttributes = {
					92A87BF31D1EE086002A3EE0 = {
						CreatedOnToolsVersion = 7.3.1;
					};
					92A87C031D1EE0FD002A3EE0 = {
						CreatedOnToolsVersion = 7.3.1;
					};
				};
			};
			buildConfigurationList = 92A87BEE1D1EE086002A3EE0 /* Build configuration list for PBXProject "testF" */;
			compatibilityVersion = "Xcode 3.2";
			developmentRegion = English;
			hasScannedForEncodings = 0;
			knownRegions = (
				en,
			);
			mainGroup = 92A87BEA1D1EE086002A3EE0;
			productRefGroup = 92A87BF51D1EE086002A3EE0 /* Products */;
			projectDirPath = "";
			projectRoot = "";
			targets = (
				92A87BF31D1EE086002A3EE0 /* testF */,
				92A87C031D1EE0FD002A3EE0 /* framework-Universal */,
			);
		};
/* End PBXProject section */

/* Begin PBXResourcesBuildPhase section */
		92A87BF21D1EE086002A3EE0 /* Resources */ = {
			isa = PBXResourcesBuildPhase;
			buildActionMask = 2147483647;
			files = (
			);
			runOnlyForDeploymentPostprocessing = 0;
		};
/* End PBXResourcesBuildPhase section */

/* Begin PBXShellScriptBuildPhase section */
		92A87C071D1EE10D002A3EE0 /* ShellScript */ = {
			isa = PBXShellScriptBuildPhase;
			buildActionMask = 2147483647;
			files = (
			);
			inputPaths = (
			);
			outputPaths = (
			);
			runOnlyForDeploymentPostprocessing = 0;
			shellPath = /bin/sh;
			shellScript = "######################\n# Options\n######################\n\nREVEAL_ARCHIVE_IN_FINDER=false\n\nFRAMEWORK_NAME=\"${PROJECT_NAME}\"\n\nSIMULATOR_LIBRARY_PATH=\"${BUILD_DIR}/${CONFIGURATION}-iphonesimulator/${FRAMEWORK_NAME}.framework\"\n\nDEVICE_LIBRARY_PATH=\"${BUILD_DIR}/${CONFIGURATION}-iphoneos/${FRAMEWORK_NAME}.framework\"\n\nUNIVERSAL_LIBRARY_DIR=\"${BUILD_DIR}/${CONFIGURATION}-iphoneuniversal\"\n\nFRAMEWORK=\"${UNIVERSAL_LIBRARY_DIR}/${FRAMEWORK_NAME}.framework\"\n\n\n######################\n# Build Frameworks\n######################\n\nxcodebuild -workspace ${PROJECT_NAME}.xcworkspace -scheme ${PROJECT_NAME} -sdk iphonesimulator -configuration ${CONFIGURATION} clean build CONFIGURATION_BUILD_DIR=${BUILD_DIR}/${CONFIGURATION}-iphonesimulator 2>&1\n\nxcodebuild -workspace ${PROJECT_NAME}.xcworkspace -scheme ${PROJECT_NAME} -sdk iphoneos -configuration ${CONFIGURATION} clean build CONFIGURATION_BUILD_DIR=${BUILD_DIR}/${CONFIGURATION}-iphoneos 2>&1\n\n######################\n# Create directory for universal\n######################\n\nrm -rf \"${UNIVERSAL_LIBRARY_DIR}\"\n\nmkdir \"${UNIVERSAL_LIBRARY_DIR}\"\n\nmkdir \"${FRAMEWORK}\"\n\n\n######################\n# Copy files Framework\n######################\n\ncp -r \"${DEVICE_LIBRARY_PATH}/.\" \"${FRAMEWORK}\"\n\n\n######################\n# Make an universal binary\n######################\n\nlipo \"${SIMULATOR_LIBRARY_PATH}/${FRAMEWORK_NAME}\" \"${DEVICE_LIBRARY_PATH}/${FRAMEWORK_NAME}\" -create -output \"${FRAMEWORK}/${FRAMEWORK_NAME}\" | echo\n\n# For Swift framework, Swiftmodule needs to be copied in the universal framework\nif [ -d \"${SIMULATOR_LIBRARY_PATH}/Modules/${FRAMEWORK_NAME}.swiftmodule/\" ]; then\n    cp -f ${SIMULATOR_LIBRARY_PATH}/Modules/${FRAMEWORK_NAME}.swiftmodule//* \"${FRAMEWORK}/Modules/${FRAMEWORK_NAME}.swiftmodule/\" | echo\nfi\n\nif [ -d \"${DEVICE_LIBRARY_PATH}/Modules/${FRAMEWORK_NAME}.swiftmodule/\" ];then\n    cp -f ${DEVICE_LIBRARY_PATH}/Modules/${FRAMEWORK_NAME}.swiftmodule//* \"${FRAMEWORK}/Modules/${FRAMEWORK_NAME}.swiftmodule/\" | echo\nfi\n\n######################\n# On Release, copy the result to release directory\n######################\nOUTPUT_DIR=\"${PROJECT_DIR}/Output/${FRAMEWORK_NAME}-${CONFIGURATION}-iphoneuniversal/\"\n                                                                      \nrm -rf \"$OUTPUT_DIR\"\nmkdir -p \"$OUTPUT_DIR\"\n                                                                 \ncp -r \"${FRAMEWORK}\" \"$OUTPUT_DIR\"\n                                                                      \nif [ ${REVEAL_ARCHIVE_IN_FINDER} = true ]; then\n    open \"${OUTPUT_DIR}/\"\nfi\n\nopen \"$OUTPUT_DIR\"";
		};
/* End PBXShellScriptBuildPhase section */

/* Begin PBXSourcesBuildPhase section */
		92A87BEF1D1EE086002A3EE0 /* Sources */ = {
			isa = PBXSourcesBuildPhase;
			buildActionMask = 2147483647;
			files = (
				92A87C021D1EE094002A3EE0 /* ttt.m in Sources */,
			);
			runOnlyForDeploymentPostprocessing = 0;
		};
/* End PBXSourcesBuildPhase section */

/* Begin XCBuildConfiguration section */
		92A87BFA1D1EE086002A3EE0 /* Debug */ = {
			isa = XCBuildConfiguration;
			buildSettings = {
				ALWAYS_SEARCH_USER_PATHS = NO;
				CLANG_ANALYZER_NONNULL = YES;
				CLANG_CXX_LANGUAGE_STANDARD = "gnu++0x";
				CLANG_CXX_LIBRARY = "libc++";
				CLANG_ENABLE_MODULES = YES;
				CLANG_ENABLE_OBJC_ARC = YES;
				CLANG_WARN_BOOL_CONVERSION = YES;
				CLANG_WARN_CONSTANT_CONVERSION = YES;
				CLANG_WARN_DIRECT_OBJC_ISA_USAGE = YES_ERROR;
				CLANG_WARN_EMPTY_BODY = YES;
				CLANG_WARN_ENUM_CONVERSION = YES;
				CLANG_WARN_INT_CONVERSION = YES;
				CLANG_WARN_OBJC_ROOT_CLASS = YES_ERROR;
				CLANG_WARN_UNREACHABLE_CODE = YES;
				CLANG_WARN__DUPLICATE_METHOD_MATCH = YES;
				"CODE_SIGN_IDENTITY[sdk=iphoneos*]" = "iPhone Developer";
				COPY_PHASE_STRIP = NO;
				CURRENT_PROJECT_VERSION = 1;
				DEBUG_INFORMATION_FORMAT = dwarf;
				ENABLE_STRICT_OBJC_MSGSEND = YES;
				ENABLE_TESTABILITY = YES;
				GCC_C_LANGUAGE_STANDARD = gnu99;
				GCC_DYNAMIC_NO_PIC = NO;
				GCC_NO_COMMON_BLOCKS = YES;
				GCC_OPTIMIZATION_LEVEL = 0;
				GCC_PREPROCESSOR_DEFINITIONS = (
					"DEBUG=1",
					"$(inherited)",
				);
				GCC_WARN_64_TO_32_BIT_CONVERSION = YES;
				GCC_WARN_ABOUT_RETURN_TYPE = YES_ERROR;
				GCC_WARN_UNDECLARED_SELECTOR = YES;
				GCC_WARN_UNINITIALIZED_AUTOS = YES_AGGRESSIVE;
				GCC_WARN_UNUSED_FUNCTION = YES;
				GCC_WARN_UNUSED_VARIABLE = YES;
				IPHONEOS_DEPLOYMENT_TARGET = 9.3;
				MTL_ENABLE_DEBUG_INFO = YES;
				ONLY_ACTIVE_ARCH = YES;
				SDKROOT = iphoneos;
				TARGETED_DEVICE_FAMILY = "1,2";
				VERSIONING_SYSTEM = "apple-generic";
				VERSION_INFO_PREFIX = "";
			};
			name = Debug;
		};
		92A87BFB1D1EE086002A3EE0 /* Release */ = {
			isa = XCBuildConfiguration;
			buildSettings = {
				ALWAYS_SEARCH_USER_PATHS = NO;
				CLANG_ANALYZER_NONNULL = YES;
				CLANG_CXX_LANGUAGE_STANDARD = "gnu++0x";
				CLANG_CXX_LIBRARY = "libc++";
				CLANG_ENABLE_MODULES = YES;
				CLANG_ENABLE_OBJC_ARC = YES;
				CLANG_WARN_BOOL_CONVERSION = YES;
				CLANG_WARN_CONSTANT_CONVERSION = YES;
				CLANG_WARN_DIRECT_OBJC_ISA_USAGE = YES_ERROR;
				CLANG_WARN_EMPTY_BODY = YES;
				CLANG_WARN_ENUM_CONVERSION = YES;
				CLANG_WARN_INT_CONVERSION = YES;
				CLANG_WARN_OBJC_ROOT_CLASS = YES_ERROR;
				CLANG_WARN_UNREACHABLE_CODE = YES;
				CLANG_WARN__DUPLICATE_METHOD_MATCH = YES;
				"CODE_SIGN_IDENTITY[sdk=iphoneos*]" = "iPhone Developer";
				COPY_PHASE_STRIP = NO;
				CURRENT_PROJECT_VERSION = 1;
				DEBUG_INFORMATION_FORMAT = "dwarf-with-dsym";
				ENABLE_NS_ASSERTIONS = NO;
				ENABLE_STRICT_OBJC_MSGSEND = YES;
				GCC_C_LANGUAGE_STANDARD = gnu99;
				GCC_NO_COMMON_BLOCKS = YES;
				GCC_WARN_64_TO_32_BIT_CONVERSION = YES;
				GCC_WARN_ABOUT_RETURN_TYPE = YES_ERROR;
				GCC_WARN_UNDECLARED_SELECTOR = YES;
				GCC_WARN_UNINITIALIZED_AUTOS = YES_AGGRESSIVE;
				GCC_WARN_UNUSED_FUNCTION = YES;
				GCC_WARN_UNUSED_VARIABLE = YES;
				IPHONEOS_DEPLOYMENT_TARGET = 9.3;
				MTL_ENABLE_DEBUG_INFO = NO;
				SDKROOT = iphoneos;
				TARGETED_DEVICE_FAMILY = "1,2";
				VALIDATE_PRODUCT = YES;
				VERSIONING_SYSTEM = "apple-generic";
				VERSION_INFO_PREFIX = "";
			};
			name = Release;
		};
		92A87BFD1D1EE086002A3EE0 /* Debug */ = {
			isa = XCBuildConfiguration;
			buildSettings = {
				DEFINES_MODULE = YES;
				DYLIB_COMPATIBILITY_VERSION = 1;
				DYLIB_CURRENT_VERSION = 1;
				DYLIB_INSTALL_NAME_BASE = "@rpath";
				INFOPLIST_FILE = testF/Info.plist;
				INSTALL_PATH = "$(LOCAL_LIBRARY_DIR)/Frameworks";
				LD_RUNPATH_SEARCH_PATHS = "$(inherited) @executable_path/Frameworks @loader_path/Frameworks";
				PRODUCT_BUNDLE_IDENTIFIER = com.max.demo.testF;
				PRODUCT_NAME = "$(TARGET_NAME)";
				SKIP_INSTALL = YES;
			};
			name = Debug;
		};
		92A87BFE1D1EE086002A3EE0 /* Release */ = {
			isa = XCBuildConfiguration;
			buildSettings = {
				DEFINES_MODULE = YES;
				DYLIB_COMPATIBILITY_VERSION = 1;
				DYLIB_CURRENT_VERSION = 1;
				DYLIB_INSTALL_NAME_BASE = "@rpath";
				INFOPLIST_FILE = testF/Info.plist;
				INSTALL_PATH = "$(LOCAL_LIBRARY_DIR)/Frameworks";
				LD_RUNPATH_SEARCH_PATHS = "$(inherited) @executable_path/Frameworks @loader_path/Frameworks";
				PRODUCT_BUNDLE_IDENTIFIER = com.max.demo.testF;
				PRODUCT_NAME = "$(TARGET_NAME)";
				SKIP_INSTALL = YES;
			};
			name = Release;
		};
		92A87C051D1EE0FD002A3EE0 /* Debug */ = {
			isa = XCBuildConfiguration;
			buildSettings = {
				PRODUCT_NAME = "$(TARGET_NAME)";
			};
			name = Debug;
		};
		92A87C061D1EE0FD002A3EE0 /* Release */ = {
			isa = XCBuildConfiguration;
			buildSettings = {
				PRODUCT_NAME = "$(TARGET_NAME)";
			};
			name = Release;
		};
/* End XCBuildConfiguration section */

/* Begin XCConfigurationList section */
		92A87BEE1D1EE086002A3EE0 /* Build configuration list for PBXProject "testF" */ = {
			isa = XCConfigurationList;
			buildConfigurations = (
				92A87BFA1D1EE086002A3EE0 /* Debug */,
				92A87BFB1D1EE086002A3EE0 /* Release */,
			);
			defaultConfigurationIsVisible = 0;
			defaultConfigurationName = Release;
		};
		92A87BFC1D1EE086002A3EE0 /* Build configuration list for PBXNativeTarget "testF" */ = {
			isa = XCConfigurationList;
			buildConfigurations = (
				92A87BFD1D1EE086002A3EE0 /* Debug */,
				92A87BFE1D1EE086002A3EE0 /* Release */,
			);
			defaultConfigurationIsVisible = 0;
			defaultConfigurationName = Release;
		};
		92A87C041D1EE0FD002A3EE0 /* Build configuration list for PBXAggregateTarget "framework-Universal" */ = {
			isa = XCConfigurationList;
			buildConfigurations = (
				92A87C051D1EE0FD002A3EE0 /* Debug */,
				92A87C061D1EE0FD002A3EE0 /* Release */,
			);
			defaultConfigurationIsVisible = 0;
			defaultConfigurationName = Release;
		};
/* End XCConfigurationList section */
	};
	rootObject = 92A87BEB1D1EE086002A3EE0 /* Project object */;
}
